
Microsoft Visual Studio Solution File, Format Version 10.00
# Visual Studio 2008
# SharpDevelop 3.2.1.6466
Project("{F184B08F-C81C-45F6-A57F-5ABD9991F28F}") = "SimulationTester", "SimulationTester.vbproj", "{1F136B96-047C-439E-B38F-0964BAC46266}"
EndProject
Global
	GlobalSection(SolutionConfigurationPlatforms) = preSolution
		Debug|x86 = Debug|x86
		Release|x86 = Release|x86
	EndGlobalSection
	GlobalSection(ProjectConfigurationPlatforms) = postSolution
		{1F136B96-047C-439E-B38F-0964BAC46266}.Debug|x86.Build.0 = Debug|x86
		{1F136B96-047C-439E-B38F-0964BAC46266}.Debug|x86.ActiveCfg = Debug|x86
		{1F136B96-047C-439E-B38F-0964BAC46266}.Release|x86.Build.0 = Release|x86
		{1F136B96-047C-439E-B38F-0964BAC46266}.Release|x86.ActiveCfg = Release|x86
	EndGlobalSection
EndGlobal
